
Microsoft Visual Studio Solution File, Format Version 12.00
# Visual Studio Version 17
VisualStudioVersion = 17.4.33110.190
MinimumVisualStudioVersion = 10.0.40219.1
Project("{FAE04EC0-301F-11D3-BF4B-00C04F79EFBC}") = "Jeka.Android", "Jeka\Jeka.Android\Jeka.Android.csproj", "{8830A6FC-10C0-42BF-B5B8-F1C20D73F87E}"
EndProject
Project("{FAE04EC0-301F-11D3-BF4B-00C04F79EFBC}") = "Jeka.iOS", "Jeka\Jeka.iOS\Jeka.iOS.csproj", "{9E8A1FF1-9431-418B-999D-EA4C2A8B341A}"
EndProject
Project("{FAE04EC0-301F-11D3-BF4B-00C04F79EFBC}") = "Jeka", "Jeka\Jeka\Jeka.csproj", "{B75AF69A-743D-4DC3-AFA9-44032C5C5DC2}"
EndProject
Global
	GlobalSection(SolutionConfigurationPlatforms) = preSolution
		Debug|Any CPU = Debug|Any CPU
		Debug|iPhone = Debug|iPhone
		Debug|iPhoneSimulator = Debug|iPhoneSimulator
		Release|Any CPU = Release|Any CPU
		Release|iPhone = Release|iPhone
		Release|iPhoneSimulator = Release|iPhoneSimulator
	EndGlobalSection
	GlobalSection(ProjectConfigurationPlatforms) = postSolution
		{8830A6FC-10C0-42BF-B5B8-F1C20D73F87E}.Debug|Any CPU.ActiveCfg = Debug|Any CPU
		{8830A6FC-10C0-42BF-B5B8-F1C20D73F87E}.Debug|Any CPU.Build.0 = Debug|Any CPU
		{8830A6FC-10C0-42BF-B5B8-F1C20D73F87E}.Debug|Any CPU.Deploy.0 = Debug|Any CPU
		{8830A6FC-10C0-42BF-B5B8-F1C20D73F87E}.Debug|iPhone.ActiveCfg = Debug|Any CPU
		{8830A6FC-10C0-42BF-B5B8-F1C20D73F87E}.Debug|iPhone.Build.0 = Debug|Any CPU
		{8830A6FC-10C0-42BF-B5B8-F1C20D73F87E}.Debug|iPhone.Deploy.0 = Debug|Any CPU
		{8830A6FC-10C0-42BF-B5B8-F1C20D73F87E}.Debug|iPhoneSimulator.ActiveCfg = Debug|Any CPU
		{8830A6FC-10C0-42BF-B5B8-F1C20D73F87E}.Debug|iPhoneSimulator.Build.0 = Debug|Any CPU
		{8830A6FC-10C0-42BF-B5B8-F1C20D73F87E}.Debug|iPhoneSimulator.Deploy.0 = Debug|Any CPU
		{8830A6FC-10C0-42BF-B5B8-F1C20D73F87E}.Release|Any CPU.ActiveCfg = Release|Any CPU
		{8830A6FC-10C0-42BF-B5B8-F1C20D73F87E}.Release|Any CPU.Build.0 = Release|Any CPU
		{8830A6FC-10C0-42BF-B5B8-F1C20D73F87E}.Release|Any CPU.Deploy.0 = Release|Any CPU
		{8830A6FC-10C0-42BF-B5B8-F1C20D73F87E}.Release|iPhone.ActiveCfg = Release|Any CPU
		{8830A6FC-10C0-42BF-B5B8-F1C20D73F87E}.Release|iPhone.Build.0 = Release|Any CPU
		{8830A6FC-10C0-42BF-B5B8-F1C20D73F87E}.Release|iPhone.Deploy.0 = Release|Any CPU
		{8830A6FC-10C0-42BF-B5B8-F1C20D73F87E}.Release|iPhoneSimulator.ActiveCfg = Release|Any CPU
		{8830A6FC-10C0-42BF-B5B8-F1C20D73F87E}.Release|iPhoneSimulator.Build.0 = Release|Any CPU
		{8830A6FC-10C0-42BF-B5B8-F1C20D73F87E}.Release|iPhoneSimulator.Deploy.0 = Release|Any CPU
		{9E8A1FF1-9431-418B-999D-EA4C2A8B341A}.Debug|Any CPU.ActiveCfg = Debug|iPhone
		{9E8A1FF1-9431-418B-999D-EA4C2A8B341A}.Debug|Any CPU.Build.0 = Debug|iPhone
		{9E8A1FF1-9431-418B-999D-EA4C2A8B341A}.Debug|Any CPU.Deploy.0 = Debug|iPhone
		{9E8A1FF1-9431-418B-999D-EA4C2A8B341A}.Debug|iPhone.ActiveCfg = Debug|iPhone
		{9E8A1FF1-9431-418B-999D-EA4C2A8B341A}.Debug|iPhone.Build.0 = Debug|iPhone
		{9E8A1FF1-9431-418B-999D-EA4C2A8B341A}.Debug|iPhone.Deploy.0 = Debug|iPhone
		{9E8A1FF1-9431-418B-999D-EA4C2A8B341A}.Debug|iPhoneSimulator.ActiveCfg = Debug|iPhoneSimulator
		{9E8A1FF1-9431-418B-999D-EA4C2A8B341A}.Debug|iPhoneSimulator.Build.0 = Debug|iPhoneSimulator
		{9E8A1FF1-9431-418B-999D-EA4C2A8B341A}.Debug|iPhoneSimulator.Deploy.0 = Debug|iPhoneSimulator
		{9E8A1FF1-9431-418B-999D-EA4C2A8B341A}.Release|Any CPU.ActiveCfg = Release|iPhoneSimulator
		{9E8A1FF1-9431-418B-999D-EA4C2A8B341A}.Release|Any CPU.Build.0 = Release|iPhoneSimulator
		{9E8A1FF1-9431-418B-999D-EA4C2A8B341A}.Release|Any CPU.Deploy.0 = Release|iPhoneSimulator
		{9E8A1FF1-9431-418B-999D-EA4C2A8B341A}.Release|iPhone.ActiveCfg = Release|iPhone
		{9E8A1FF1-9431-418B-999D-EA4C2A8B341A}.Release|iPhone.Build.0 = Release|iPhone
		{9E8A1FF1-9431-418B-999D-EA4C2A8B341A}.Release|iPhone.Deploy.0 = Release|iPhone
		{9E8A1FF1-9431-418B-999D-EA4C2A8B341A}.Release|iPhoneSimulator.ActiveCfg = Release|iPhoneSimulator
		{9E8A1FF1-9431-418B-999D-EA4C2A8B341A}.Release|iPhoneSimulator.Build.0 = Release|iPhoneSimulator
		{9E8A1FF1-9431-418B-999D-EA4C2A8B341A}.Release|iPhoneSimulator.Deploy.0 = Release|iPhoneSimulator
		{B75AF69A-743D-4DC3-AFA9-44032C5C5DC2}.Debug|Any CPU.ActiveCfg = Debug|Any CPU
		{B75AF69A-743D-4DC3-AFA9-44032C5C5DC2}.Debug|Any CPU.Build.0 = Debug|Any CPU
		{B75AF69A-743D-4DC3-AFA9-44032C5C5DC2}.Debug|Any CPU.Deploy.0 = Debug|Any CPU
		{B75AF69A-743D-4DC3-AFA9-44032C5C5DC2}.Debug|iPhone.ActiveCfg = Debug|Any CPU
		{B75AF69A-743D-4DC3-AFA9-44032C5C5DC2}.Debug|iPhone.Build.0 = Debug|Any CPU
		{B75AF69A-743D-4DC3-AFA9-44032C5C5DC2}.Debug|iPhone.Deploy.0 = Debug|Any CPU
		{B75AF69A-743D-4DC3-AFA9-44032C5C5DC2}.Debug|iPhoneSimulator.ActiveCfg = Debug|Any CPU
		{B75AF69A-743D-4DC3-AFA9-44032C5C5DC2}.Debug|iPhoneSimulator.Build.0 = Debug|Any CPU
		{B75AF69A-743D-4DC3-AFA9-44032C5C5DC2}.Debug|iPhoneSimulator.Deploy.0 = Debug|Any CPU
		{B75AF69A-743D-4DC3-AFA9-44032C5C5DC2}.Release|Any CPU.ActiveCfg = Release|Any CPU
		{B75AF69A-743D-4DC3-AFA9-44032C5C5DC2}.Release|Any CPU.Build.0 = Release|Any CPU
		{B75AF69A-743D-4DC3-AFA9-44032C5C5DC2}.Release|Any CPU.Deploy.0 = Release|Any CPU
		{B75AF69A-743D-4DC3-AFA9-44032C5C5DC2}.Release|iPhone.ActiveCfg = Release|Any CPU
		{B75AF69A-743D-4DC3-AFA9-44032C5C5DC2}.Release|iPhone.Build.0 = Release|Any CPU
		{B75AF69A-743D-4DC3-AFA9-44032C5C5DC2}.Release|iPhone.Deploy.0 = Release|Any CPU
		{B75AF69A-743D-4DC3-AFA9-44032C5C5DC2}.Release|iPhoneSimulator.ActiveCfg = Release|Any CPU
		{B75AF69A-743D-4DC3-AFA9-44032C5C5DC2}.Release|iPhoneSimulator.Build.0 = Release|Any CPU
		{B75AF69A-743D-4DC3-AFA9-44032C5C5DC2}.Release|iPhoneSimulator.Deploy.0 = Release|Any CPU
	EndGlobalSection
	GlobalSection(SolutionProperties) = preSolution
		HideSolutionNode = FALSE
	EndGlobalSection
	GlobalSection(ExtensibilityGlobals) = postSolution
		SolutionGuid = {14684688-FC89-493D-BC81-D199701A20D1}
	EndGlobalSection
EndGlobal
